
Microsoft Visual Studio Solution File, Format Version 12.00
# Visual Studio Version 16
VisualStudioVersion = 16.0.30611.23
MinimumVisualStudioVersion = 10.0.40219.1
Project("{FAE04EC0-301F-11D3-BF4B-00C04F79EFBC}") = "UTF3-EJER1", "UTF3-EJER1\UTF3-EJER1.csproj", "{59442C6A-6694-4BED-8949-CCB58D6A864F}"
EndProject
Global
	GlobalSection(SolutionConfigurationPlatforms) = preSolution
		Debug|Any CPU = Debug|Any CPU
		Release|Any CPU = Release|Any CPU
	EndGlobalSection
	GlobalSection(ProjectConfigurationPlatforms) = postSolution
		{59442C6A-6694-4BED-8949-CCB58D6A864F}.Debug|Any CPU.ActiveCfg = Debug|Any CPU
		{59442C6A-6694-4BED-8949-CCB58D6A864F}.Debug|Any CPU.Build.0 = Debug|Any CPU
		{59442C6A-6694-4BED-8949-CCB58D6A864F}.Release|Any CPU.ActiveCfg = Release|Any CPU
		{59442C6A-6694-4BED-8949-CCB58D6A864F}.Release|Any CPU.Build.0 = Release|Any CPU
	EndGlobalSection
	GlobalSection(SolutionProperties) = preSolution
		HideSolutionNode = FALSE
	EndGlobalSection
	GlobalSection(ExtensibilityGlobals) = postSolution
		SolutionGuid = {46F4713E-1F1B-487E-9A56-571F83C81A58}
	EndGlobalSection
EndGlobal
